# This file is autogenerated, do not edit; changes may be undone by the next 'dep ensure'.


[[projects]]
  branch = "master"
  digest = "1:8bc4ea931d51467ab9dd8c1fb6213625e7ac1de24a4883e992a1b0b713a8d1eb"
  name = "github.com/ryszard/goskiplist"
  packages = ["skiplist"]
  pruneopts = "UT"
  revision = "2dfbae5fcf46374f166f8969cb07e167f1be6273"

[[projects]]
  digest = "1:0b8d86f074869a0e1c6293773bfafea7515752d28b49921f8e3f889158c921de"
  name = "github.com/tidwall/redcon"
  packages = ["."]
  pruneopts = "UT"
  revision = "c964c660adb68a16a0f890ceb01d25e05d0ab49e"
  version = "v1.0.0"

[solve-meta]
  analyzer-name = "dep"
  analyzer-version = 1
  input-imports = [
    "github.com/ryszard/goskiplist/skiplist",
    "github.com/tidwall/redcon",
  ]
  solver-name = "gps-cdcl"
  solver-version = 1
